# This file is autogenerated, do not edit; changes may be undone by the next 'dep ensure'.


[[projects]]
  branch = "master"
  name = "github.com/Yawning/chacha20"
  packages = ["."]
  revision = "e3b1f968fc6397b51d963fee8ec8711a47bc0ce8"

[[projects]]
  branch = "master"
  name = "golang.org/x/crypto"
  packages = [
    "blowfish",
    "cast5",
    "salsa20/salsa"
  ]
  revision = "21052ae46654ecf18dfdba0f7c12701a1e2b3164"

[solve-meta]
  analyzer-name = "dep"
  analyzer-version = 1
  inputs-digest = "f68e8d23d250b63592afcf04861e3e05f6be8c34c3986e52c07921bc6bb94959"
  solver-name = "gps-cdcl"
  solver-version = 1
